<?xml version="1.0" encoding="utf-8"?>
<Project ToolsVersion="4.0" xmlns="http://schemas.microsoft.com/developer/msbuild/2003">
  <ItemGroup>
    <Filter Include="Source Files">
      <UniqueIdentifier>{4FC737F1-C7A5-4376-A066-2A32D752A2FF}</UniqueIdentifier>
      <Extensions>cpp;c;cc;cxx;def;odl;idl;hpj;bat;asm;asmx</Extensions>
    </Filter>
    <Filter Include="Header Files">
      <UniqueIdentifier>{93995380-89BD-4b04-88EB-625FBE52EBFB}</UniqueIdentifier>
      <Extensions>h;hh;hpp;hxx;hm;inl;inc;xsd</Extensions>
    </Filter>
  </ItemGroup>
  <ItemGroup>
    <ClCompile Include="MI_Core.cpp">
      <Filter>Source Files</Filter>
    </ClCompile>
    <ClCompile Include="VI_image_viever.cpp">
      <Filter>Source Files</Filter>
    </ClCompile>
    <ClCompile Include="NODE_cutline.cpp">
      <Filter>Source Files</Filter>
    </ClCompile>
    <ClCompile Include="VI_graphics_view.cpp">
      <Filter>Source Files</Filter>
    </ClCompile>
    <ClCompile Include="UT_utils.cpp">
      <Filter>Source Files</Filter>
    </ClCompile>
    <ClCompile Include="NODE_socket.cpp">
      <Filter>Source Files</Filter>
    </ClCompile>
    <ClCompile Include="NODE_parts_item.cpp">
      <Filter>Source Files</Filter>
    </ClCompile>
    <ClCompile Include="NODE_line.cpp">
      <Filter>Source Files</Filter>
    </ClCompile>
    <ClCompile Include="NODE_item.cpp">
      <Filter>Source Files</Filter>
    </ClCompile>
    <ClCompile Include="NODE_graphics_view.cpp">
      <Filter>Source Files</Filter>
    </ClCompile>
    <ClCompile Include="NODE_graphics_scene.cpp">
      <Filter>Source Files</Filter>
    </ClCompile>
    <ClCompile Include="Thread_node.cpp">
      <Filter>Source Files</Filter>
    </ClCompile>
  </ItemGroup>
  <ItemGroup>
    <ClInclude Include="MI_Core.h">
      <Filter>Header Files</Filter>
    </ClInclude>
    <ClInclude Include="json.hpp">
      <Filter>Header Files</Filter>
    </ClInclude>
    <ClInclude Include="NODE_cutline.h">
      <Filter>Header Files</Filter>
    </ClInclude>
    <ClInclude Include="UT_utils.h">
      <Filter>Header Files</Filter>
    </ClInclude>
    <ClInclude Include="NODE_socket.h">
      <Filter>Header Files</Filter>
    </ClInclude>
    <ClInclude Include="NODE_line.h">
      <Filter>Header Files</Filter>
    </ClInclude>
  </ItemGroup>
  <ItemGroup>
    <ClInclude Include="mi_core_global.h">
      <Filter>Header Files</Filter>
    </ClInclude>
  </ItemGroup>
  <ItemGroup>
    <QtMoc Include="VI_image_viever.h">
      <Filter>Header Files</Filter>
    </QtMoc>
    <QtMoc Include="VI_graphics_view.h">
      <Filter>Header Files</Filter>
    </QtMoc>
    <QtMoc Include="NODE_parts_item.h">
      <Filter>Header Files</Filter>
    </QtMoc>
    <QtMoc Include="NODE_item.h">
      <Filter>Header Files</Filter>
    </QtMoc>
    <QtMoc Include="NODE_graphics_view.h">
      <Filter>Header Files</Filter>
    </QtMoc>
    <QtMoc Include="NODE_graphics_scene.h">
      <Filter>Header Files</Filter>
    </QtMoc>
    <QtMoc Include="Thread_node.h">
      <Filter>Header Files</Filter>
    </QtMoc>
  </ItemGroup>
  <ItemGroup>
    <None Include="packages.config" />
  </ItemGroup>
</Project>